// !$*UTF8*$!
{
	archiveVersion = 1;
	classes = {
	};
	objectVersion = 48;
	objects = {

/* Begin PBXBuildFile section */
		BF932A7B4DACC9EFA1520E64 /* libPods-Tinder.a in Frameworks */ = {isa = PBXBuildFile; fileRef = F9D40BD9EA1D3C31FB22E514 /* libPods-Tinder.a */; };
		E511664520073CEC00F26D66 /* CHCardItemModel.m in Sources */ = {isa = PBXBuildFile; fileRef = E511663E20073CEC00F26D66 /* CHCardItemModel.m */; };
		E511664620073CEC00F26D66 /* CHCardItemView.m in Sources */ = {isa = PBXBuildFile; fileRef = E511664020073CEC00F26D66 /* CHCardItemView.m */; };
		E511664720073CEC00F26D66 /* CHCardView.m in Sources */ = {isa = PBXBuildFile; fileRef = E511664220073CEC00F26D66 /* CHCardView.m */; };
		E511664820073CEC00F26D66 /* NSString+MD5.m in Sources */ = {isa = PBXBuildFile; fileRef = E511664420073CEC00F26D66 /* NSString+MD5.m */; };
		E511664B20073D4600F26D66 /* CHCardItemCustomView.m in Sources */ = {isa = PBXBuildFile; fileRef = E511664920073D4600F26D66 /* CHCardItemCustomView.m */; };
		E51C10611FE7693900CA522F /* AppDelegate.m in Sources */ = {isa = PBXBuildFile; fileRef = E51C10601FE7693900CA522F /* AppDelegate.m */; };
		E51C10671FE7693900CA522F /* Main.storyboard in Resources */ = {isa = PBXBuildFile; fileRef = E51C10651FE7693900CA522F /* Main.storyboard */; };
		E51C10691FE7693900CA522F /* Assets.xcassets in Resources */ = {isa = PBXBuildFile; fileRef = E51C10681FE7693900CA522F /* Assets.xcassets */; };
		E51C106C1FE7693900CA522F /* LaunchScreen.storyboard in Resources */ = {isa = PBXBuildFile; fileRef = E51C106A1FE7693900CA522F /* LaunchScreen.storyboard */; };
		E51C106F1FE7693900CA522F /* main.m in Sources */ = {isa = PBXBuildFile; fileRef = E51C106E1FE7693900CA522F /* main.m */; };
		E51C10791FE7693900CA522F /* TinderTests.m in Sources */ = {isa = PBXBuildFile; fileRef = E51C10781FE7693900CA522F /* TinderTests.m */; };
		E51C10841FE7693900CA522F /* TinderUITests.m in Sources */ = {isa = PBXBuildFile; fileRef = E51C10831FE7693900CA522F /* TinderUITests.m */; };
		E57EED9F2005F883007D0FC1 /* HomeIndexViewController.m in Sources */ = {isa = PBXBuildFile; fileRef = E57EED9E2005F883007D0FC1 /* HomeIndexViewController.m */; };
		E57EEDA5200608F0007D0FC1 /* ProfileIndexView.m in Sources */ = {isa = PBXBuildFile; fileRef = E57EEDA4200608F0007D0FC1 /* ProfileIndexView.m */; };
		E57EEDA8200609A7007D0FC1 /* LeftMenuViewDemo.m in Sources */ = {isa = PBXBuildFile; fileRef = E57EEDA7200609A7007D0FC1 /* LeftMenuViewDemo.m */; };
		E57EEDAD200629FF007D0FC1 /* LeftMenuCell.m in Sources */ = {isa = PBXBuildFile; fileRef = E57EEDAC200629FF007D0FC1 /* LeftMenuCell.m */; };
/* End PBXBuildFile section */

/* Begin PBXContainerItemProxy section */
		E51C10751FE7693900CA522F /* PBXContainerItemProxy */ = {
			isa = PBXContainerItemProxy;
			containerPortal = E51C10541FE7693900CA522F /* Project object */;
			proxyType = 1;
			remoteGlobalIDString = E51C105B1FE7693900CA522F;
			remoteInfo = Tinder;
		};
		E51C10801FE7693900CA522F /* PBXContainerItemProxy */ = {
			isa = PBXContainerItemProxy;
			containerPortal = E51C10541FE7693900CA522F /* Project object */;
			proxyType = 1;
			remoteGlobalIDString = E51C105B1FE7693900CA522F;
			remoteInfo = Tinder;
		};
/* End PBXContainerItemProxy section */

/* Begin PBXFileReference section */
		284F7976918739A7D8FF91D2 /* Pods-Tinder.debug.xcconfig */ = {isa = PBXFileReference; includeInIndex = 1; lastKnownFileType = text.xcconfig; name = "Pods-Tinder.debug.xcconfig"; path = "Pods/Target Support Files/Pods-Tinder/Pods-Tinder.debug.xcconfig"; sourceTree = "<group>"; };
		81F4B7451F76878C01AD6C7B /* Pods-Tinder.release.xcconfig */ = {isa = PBXFileReference; includeInIndex = 1; lastKnownFileType = text.xcconfig; name = "Pods-Tinder.release.xcconfig"; path = "Pods/Target Support Files/Pods-Tinder/Pods-Tinder.release.xcconfig"; sourceTree = "<group>"; };
		E511663D20073CEC00F26D66 /* CHCardItemModel.h */ = {isa = PBXFileReference; fileEncoding = 4; lastKnownFileType = sourcecode.c.h; path = CHCardItemModel.h; sourceTree = "<group>"; };
		E511663E20073CEC00F26D66 /* CHCardItemModel.m */ = {isa = PBXFileReference; fileEncoding = 4; lastKnownFileType = sourcecode.c.objc; path = CHCardItemModel.m; sourceTree = "<group>"; };
		E511663F20073CEC00F26D66 /* CHCardItemView.h */ = {isa = PBXFileReference; fileEncoding = 4; lastKnownFileType = sourcecode.c.h; path = CHCardItemView.h; sourceTree = "<group>"; };
		E511664020073CEC00F26D66 /* CHCardItemView.m */ = {isa = PBXFileReference; fileEncoding = 4; lastKnownFileType = sourcecode.c.objc; path = CHCardItemView.m; sourceTree = "<group>"; };
		E511664120073CEC00F26D66 /* CHCardView.h */ = {isa = PBXFileReference; fileEncoding = 4; lastKnownFileType = sourcecode.c.h; path = CHCardView.h; sourceTree = "<group>"; };
		E511664220073CEC00F26D66 /* CHCardView.m */ = {isa = PBXFileReference; fileEncoding = 4; lastKnownFileType = sourcecode.c.objc; path = CHCardView.m; sourceTree = "<group>"; };
		E511664320073CEC00F26D66 /* NSString+MD5.h */ = {isa = PBXFileReference; fileEncoding = 4; lastKnownFileType = sourcecode.c.h; path = "NSString+MD5.h"; sourceTree = "<group>"; };
		E511664420073CEC00F26D66 /* NSString+MD5.m */ = {isa = PBXFileReference; fileEncoding = 4; lastKnownFileType = sourcecode.c.objc; path = "NSString+MD5.m"; sourceTree = "<group>"; };
		E511664920073D4600F26D66 /* CHCardItemCustomView.m */ = {isa = PBXFileReference; fileEncoding = 4; lastKnownFileType = sourcecode.c.objc; path = CHCardItemCustomView.m; sourceTree = "<group>"; };
		E511664A20073D4600F26D66 /* CHCardItemCustomView.h */ = {isa = PBXFileReference; fileEncoding = 4; lastKnownFileType = sourcecode.c.h; path = CHCardItemCustomView.h; sourceTree = "<group>"; };
		E51C105C1FE7693900CA522F /* Tinder.app */ = {isa = PBXFileReference; explicitFileType = wrapper.application; includeInIndex = 0; path = Tinder.app; sourceTree = BUILT_PRODUCTS_DIR; };
		E51C105F1FE7693900CA522F /* AppDelegate.h */ = {isa = PBXFileReference; lastKnownFileType = sourcecode.c.h; path = AppDelegate.h; sourceTree = "<group>"; };
		E51C10601FE7693900CA522F /* AppDelegate.m */ = {isa = PBXFileReference; lastKnownFileType = sourcecode.c.objc; path = AppDelegate.m; sourceTree = "<group>"; };
		E51C10661FE7693900CA522F /* Base */ = {isa = PBXFileReference; lastKnownFileType = file.storyboard; name = Base; path = Base.lproj/Main.storyboard; sourceTree = "<group>"; };
		E51C10681FE7693900CA522F /* Assets.xcassets */ = {isa = PBXFileReference; lastKnownFileType = folder.assetcatalog; path = Assets.xcassets; sourceTree = "<group>"; };
		E51C106B1FE7693900CA522F /* Base */ = {isa = PBXFileReference; lastKnownFileType = file.storyboard; name = Base; path = Base.lproj/LaunchScreen.storyboard; sourceTree = "<group>"; };
		E51C106D1FE7693900CA522F /* Info.plist */ = {isa = PBXFileReference; lastKnownFileType = text.plist.xml; path = Info.plist; sourceTree = "<group>"; };
		E51C106E1FE7693900CA522F /* main.m */ = {isa = PBXFileReference; lastKnownFileType = sourcecode.c.objc; path = main.m; sourceTree = "<group>"; };
		E51C10741FE7693900CA522F /* TinderTests.xctest */ = {isa = PBXFileReference; explicitFileType = wrapper.cfbundle; includeInIndex = 0; path = TinderTests.xctest; sourceTree = BUILT_PRODUCTS_DIR; };
		E51C10781FE7693900CA522F /* TinderTests.m */ = {isa = PBXFileReference; lastKnownFileType = sourcecode.c.objc; path = TinderTests.m; sourceTree = "<group>"; };
		E51C107A1FE7693900CA522F /* Info.plist */ = {isa = PBXFileReference; lastKnownFileType = text.plist.xml; path = Info.plist; sourceTree = "<group>"; };
		E51C107F1FE7693900CA522F /* TinderUITests.xctest */ = {isa = PBXFileReference; explicitFileType = wrapper.cfbundle; includeInIndex = 0; path = TinderUITests.xctest; sourceTree = BUILT_PRODUCTS_DIR; };
		E51C10831FE7693900CA522F /* TinderUITests.m */ = {isa = PBXFileReference; lastKnownFileType = sourcecode.c.objc; path = TinderUITests.m; sourceTree = "<group>"; };
		E51C10851FE7693900CA522F /* Info.plist */ = {isa = PBXFileReference; lastKnownFileType = text.plist.xml; path = Info.plist; sourceTree = "<group>"; };
		E57EED9D2005F883007D0FC1 /* HomeIndexViewController.h */ = {isa = PBXFileReference; lastKnownFileType = sourcecode.c.h; path = HomeIndexViewController.h; sourceTree = "<group>"; };
		E57EED9E2005F883007D0FC1 /* HomeIndexViewController.m */ = {isa = PBXFileReference; lastKnownFileType = sourcecode.c.objc; path = HomeIndexViewController.m; sourceTree = "<group>"; };
		E57EEDA3200608F0007D0FC1 /* ProfileIndexView.h */ = {isa = PBXFileReference; fileEncoding = 4; lastKnownFileType = sourcecode.c.h; path = ProfileIndexView.h; sourceTree = "<group>"; };
		E57EEDA4200608F0007D0FC1 /* ProfileIndexView.m */ = {isa = PBXFileReference; fileEncoding = 4; lastKnownFileType = sourcecode.c.objc; path = ProfileIndexView.m; sourceTree = "<group>"; };
		E57EEDA6200609A7007D0FC1 /* LeftMenuViewDemo.h */ = {isa = PBXFileReference; fileEncoding = 4; lastKnownFileType = sourcecode.c.h; path = LeftMenuViewDemo.h; sourceTree = "<group>"; };
		E57EEDA7200609A7007D0FC1 /* LeftMenuViewDemo.m */ = {isa = PBXFileReference; fileEncoding = 4; lastKnownFileType = sourcecode.c.objc; path = LeftMenuViewDemo.m; sourceTree = "<group>"; };
		E57EEDAB200629FF007D0FC1 /* LeftMenuCell.h */ = {isa = PBXFileReference; lastKnownFileType = sourcecode.c.h; path = LeftMenuCell.h; sourceTree = "<group>"; };
		E57EEDAC200629FF007D0FC1 /* LeftMenuCell.m */ = {isa = PBXFileReference; lastKnownFileType = sourcecode.c.objc; path = LeftMenuCell.m; sourceTree = "<group>"; };
		E59474FA1FEB97D800F1DFBD /* PrefixHeader.pch */ = {isa = PBXFileReference; lastKnownFileType = sourcecode.c.h; path = PrefixHeader.pch; sourceTree = "<group>"; };
		F9D40BD9EA1D3C31FB22E514 /* libPods-Tinder.a */ = {isa = PBXFileReference; explicitFileType = archive.ar; includeInIndex = 0; path = "libPods-Tinder.a"; sourceTree = BUILT_PRODUCTS_DIR; };
/* End PBXFileReference section */

/* Begin PBXFrameworksBuildPhase section */
		E51C10591FE7693900CA522F /* Frameworks */ = {
			isa = PBXFrameworksBuildPhase;
			buildActionMask = 2147483647;
			files = (
				BF932A7B4DACC9EFA1520E64 /* libPods-Tinder.a in Frameworks */,
			);
			runOnlyForDeploymentPostprocessing = 0;
		};
		E51C10711FE7693900CA522F /* Frameworks */ = {
			isa = PBXFrameworksBuildPhase;
			buildActionMask = 2147483647;
			files = (
			);
			runOnlyForDeploymentPostprocessing = 0;
		};
		E51C107C1FE7693900CA522F /* Frameworks */ = {
			isa = PBXFrameworksBuildPhase;
			buildActionMask = 2147483647;
			files = (
			);
			runOnlyForDeploymentPostprocessing = 0;
		};
/* End PBXFrameworksBuildPhase section */

/* Begin PBXGroup section */
		A42DAE43896AEC921EF95FDE /* Pods */ = {
			isa = PBXGroup;
			children = (
				284F7976918739A7D8FF91D2 /* Pods-Tinder.debug.xcconfig */,
				81F4B7451F76878C01AD6C7B /* Pods-Tinder.release.xcconfig */,
			);
			name = Pods;
			sourceTree = "<group>";
		};
		D3A86177DF80F2C2FC6B86D3 /* Frameworks */ = {
			isa = PBXGroup;
			children = (
				F9D40BD9EA1D3C31FB22E514 /* libPods-Tinder.a */,
			);
			name = Frameworks;
			sourceTree = "<group>";
		};
		E511663C20073CEC00F26D66 /* CHCardView */ = {
			isa = PBXGroup;
			children = (
				E511664A20073D4600F26D66 /* CHCardItemCustomView.h */,
				E511664920073D4600F26D66 /* CHCardItemCustomView.m */,
				E511663D20073CEC00F26D66 /* CHCardItemModel.h */,
				E511663E20073CEC00F26D66 /* CHCardItemModel.m */,
				E511663F20073CEC00F26D66 /* CHCardItemView.h */,
				E511664020073CEC00F26D66 /* CHCardItemView.m */,
				E511664120073CEC00F26D66 /* CHCardView.h */,
				E511664220073CEC00F26D66 /* CHCardView.m */,
				E511664320073CEC00F26D66 /* NSString+MD5.h */,
				E511664420073CEC00F26D66 /* NSString+MD5.m */,
			);
			path = CHCardView;
			sourceTree = "<group>";
		};
		E51C10531FE7693900CA522F = {
			isa = PBXGroup;
			children = (
				E51C105E1FE7693900CA522F /* Tinder */,
				E51C10771FE7693900CA522F /* TinderTests */,
				E51C10821FE7693900CA522F /* TinderUITests */,
				E51C105D1FE7693900CA522F /* Products */,
				A42DAE43896AEC921EF95FDE /* Pods */,
				D3A86177DF80F2C2FC6B86D3 /* Frameworks */,
			);
			sourceTree = "<group>";
		};
		E51C105D1FE7693900CA522F /* Products */ = {
			isa = PBXGroup;
			children = (
				E51C105C1FE7693900CA522F /* Tinder.app */,
				E51C10741FE7693900CA522F /* TinderTests.xctest */,
				E51C107F1FE7693900CA522F /* TinderUITests.xctest */,
			);
			name = Products;
			sourceTree = "<group>";
		};
		E51C105E1FE7693900CA522F /* Tinder */ = {
			isa = PBXGroup;
			children = (
				E59474F81FEB967800F1DFBD /* Class */,
				E51C105F1FE7693900CA522F /* AppDelegate.h */,
				E51C10601FE7693900CA522F /* AppDelegate.m */,
				E51C10651FE7693900CA522F /* Main.storyboard */,
				E51C10681FE7693900CA522F /* Assets.xcassets */,
				E51C106A1FE7693900CA522F /* LaunchScreen.storyboard */,
				E51C106D1FE7693900CA522F /* Info.plist */,
				E51C106E1FE7693900CA522F /* main.m */,
				E59474FA1FEB97D800F1DFBD /* PrefixHeader.pch */,
			);
			path = Tinder;
			sourceTree = "<group>";
		};
		E51C10771FE7693900CA522F /* TinderTests */ = {
			isa = PBXGroup;
			children = (
				E51C10781FE7693900CA522F /* TinderTests.m */,
				E51C107A1FE7693900CA522F /* Info.plist */,
			);
			path = TinderTests;
			sourceTree = "<group>";
		};
		E51C10821FE7693900CA522F /* TinderUITests */ = {
			isa = PBXGroup;
			children = (
				E51C10831FE7693900CA522F /* TinderUITests.m */,
				E51C10851FE7693900CA522F /* Info.plist */,
			);
			path = TinderUITests;
			sourceTree = "<group>";
		};
		E57EEDA9200629D5007D0FC1 /* View */ = {
			isa = PBXGroup;
			children = (
				E57EEDA3200608F0007D0FC1 /* ProfileIndexView.h */,
				E57EEDA4200608F0007D0FC1 /* ProfileIndexView.m */,
				E57EEDA6200609A7007D0FC1 /* LeftMenuViewDemo.h */,
				E57EEDA7200609A7007D0FC1 /* LeftMenuViewDemo.m */,
			);
			path = View;
			sourceTree = "<group>";
		};
		E57EEDAA200629D5007D0FC1 /* Cell */ = {
			isa = PBXGroup;
			children = (
				E57EEDAB200629FF007D0FC1 /* LeftMenuCell.h */,
				E57EEDAC200629FF007D0FC1 /* LeftMenuCell.m */,
			);
			path = Cell;
			sourceTree = "<group>";
		};
		E59474F81FEB967800F1DFBD /* Class */ = {
			isa = PBXGroup;
			children = (
				E59475041FEBA10700F1DFBD /* Message */,
				E59475051FEBA10700F1DFBD /* Profile */,
				E59474F91FEB969700F1DFBD /* Home */,
			);
			path = Class;
			sourceTree = "<group>";
		};
		E59474F91FEB969700F1DFBD /* Home */ = {
			isa = PBXGroup;
			children = (
				E511663C20073CEC00F26D66 /* CHCardView */,
				E57EED9D2005F883007D0FC1 /* HomeIndexViewController.h */,
				E57EED9E2005F883007D0FC1 /* HomeIndexViewController.m */,
			);
			path = Home;
			sourceTree = "<group>";
		};
		E59475041FEBA10700F1DFBD /* Message */ = {
			isa = PBXGroup;
			children = (
			);
			path = Message;
			sourceTree = "<group>";
		};
		E59475051FEBA10700F1DFBD /* Profile */ = {
			isa = PBXGroup;
			children = (
				E57EEDAA200629D5007D0FC1 /* Cell */,
				E57EEDA9200629D5007D0FC1 /* View */,
			);
			path = Profile;
			sourceTree = "<group>";
		};
/* End PBXGroup section */

/* Begin PBXNativeTarget section */
		E51C105B1FE7693900CA522F /* Tinder */ = {
			isa = PBXNativeTarget;
			buildConfigurationList = E51C10881FE7693900CA522F /* Build configuration list for PBXNativeTarget "Tinder" */;
			buildPhases = (
				B5020BFF345E3E5A2323EE24 /* [CP] Check Pods Manifest.lock */,
				E51C10581FE7693900CA522F /* Sources */,
				E51C10591FE7693900CA522F /* Frameworks */,
				E51C105A1FE7693900CA522F /* Resources */,
				92F890D993965C1321B30FFB /* [CP] Embed Pods Frameworks */,
				1B12CA93C89EA6A003CA6C5C /* [CP] Copy Pods Resources */,
			);
			buildRules = (
			);
			dependencies = (
			);
			name = Tinder;
			productName = Tinder;
			productReference = E51C105C1FE7693900CA522F /* Tinder.app */;
			productType = "com.apple.product-type.application";
		};
		E51C10731FE7693900CA522F /* TinderTests */ = {
			isa = PBXNativeTarget;
			buildConfigurationList = E51C108B1FE7693900CA522F /* Build configuration list for PBXNativeTarget "TinderTests" */;
			buildPhases = (
				E51C10701FE7693900CA522F /* Sources */,
				E51C10711FE7693900CA522F /* Frameworks */,
				E51C10721FE7693900CA522F /* Resources */,
			);
			buildRules = (
			);
			dependencies = (
				E51C10761FE7693900CA522F /* PBXTargetDependency */,
			);
			name = TinderTests;
			productName = TinderTests;
			productReference = E51C10741FE7693900CA522F /* TinderTests.xctest */;
			productType = "com.apple.product-type.bundle.unit-test";
		};
		E51C107E1FE7693900CA522F /* TinderUITests */ = {
			isa = PBXNativeTarget;
			buildConfigurationList = E51C108E1FE7693900CA522F /* Build configuration list for PBXNativeTarget "TinderUITests" */;
			buildPhases = (
				E51C107B1FE7693900CA522F /* Sources */,
				E51C107C1FE7693900CA522F /* Frameworks */,
				E51C107D1FE7693900CA522F /* Resources */,
			);
			buildRules = (
			);
			dependencies = (
				E51C10811FE7693900CA522F /* PBXTargetDependency */,
			);
			name = TinderUITests;
			productName = TinderUITests;
			productReference = E51C107F1FE7693900CA522F /* TinderUITests.xctest */;
			productType = "com.apple.product-type.bundle.ui-testing";
		};
/* End PBXNativeTarget section */

/* Begin PBXProject section */
		E51C10541FE7693900CA522F /* Project object */ = {
			isa = PBXProject;
			attributes = {
				LastUpgradeCheck = 0920;
				ORGANIZATIONNAME = wallen;
				TargetAttributes = {
					E51C105B1FE7693900CA522F = {
						CreatedOnToolsVersion = 9.2;
						ProvisioningStyle = Automatic;
					};
					E51C10731FE7693900CA522F = {
						CreatedOnToolsVersion = 9.2;
						ProvisioningStyle = Automatic;
						TestTargetID = E51C105B1FE7693900CA522F;
					};
					E51C107E1FE7693900CA522F = {
						CreatedOnToolsVersion = 9.2;
						ProvisioningStyle = Automatic;
						TestTargetID = E51C105B1FE7693900CA522F;
					};
				};
			};
			buildConfigurationList = E51C10571FE7693900CA522F /* Build configuration list for PBXProject "Tinder" */;
			compatibilityVersion = "Xcode 8.0";
			developmentRegion = en;
			hasScannedForEncodings = 0;
			knownRegions = (
				en,
				Base,
			);
			mainGroup = E51C10531FE7693900CA522F;
			productRefGroup = E51C105D1FE7693900CA522F /* Products */;
			projectDirPath = "";
			projectRoot = "";
			targets = (
				E51C105B1FE7693900CA522F /* Tinder */,
				E51C10731FE7693900CA522F /* TinderTests */,
				E51C107E1FE7693900CA522F /* TinderUITests */,
			);
		};
/* End PBXProject section */

/* Begin PBXResourcesBuildPhase section */
		E51C105A1FE7693900CA522F /* Resources */ = {
			isa = PBXResourcesBuildPhase;
			buildActionMask = 2147483647;
			files = (
				E51C106C1FE7693900CA522F /* LaunchScreen.storyboard in Resources */,
				E51C10691FE7693900CA522F /* Assets.xcassets in Resources */,
				E51C10671FE7693900CA522F /* Main.storyboard in Resources */,
			);
			runOnlyForDeploymentPostprocessing = 0;
		};
		E51C10721FE7693900CA522F /* Resources */ = {
			isa = PBXResourcesBuildPhase;
			buildActionMask = 2147483647;
			files = (
			);
			runOnlyForDeploymentPostprocessing = 0;
		};
		E51C107D1FE7693900CA522F /* Resources */ = {
			isa = PBXResourcesBuildPhase;
			buildActionMask = 2147483647;
			files = (
			);
			runOnlyForDeploymentPostprocessing = 0;
		};
/* End PBXResourcesBuildPhase section */

/* Begin PBXShellScriptBuildPhase section */
		1B12CA93C89EA6A003CA6C5C /* [CP] Copy Pods Resources */ = {
			isa = PBXShellScriptBuildPhase;
			buildActionMask = 2147483647;
			files = (
			);
			inputPaths = (
				"${SRCROOT}/Pods/Target Support Files/Pods-Tinder/Pods-Tinder-resources.sh",
				"${PODS_ROOT}/IQKeyboardManager/IQKeyboardManager/Resources/IQKeyboardManager.bundle",
				"${PODS_ROOT}/MJRefresh/MJRefresh/MJRefresh.bundle",
				"${PODS_ROOT}/SVProgressHUD/SVProgressHUD/SVProgressHUD.bundle",
			);
			name = "[CP] Copy Pods Resources";
			outputPaths = (
				"${TARGET_BUILD_DIR}/${UNLOCALIZED_RESOURCES_FOLDER_PATH}",
			);
			runOnlyForDeploymentPostprocessing = 0;
			shellPath = /bin/sh;
			shellScript = "\"${SRCROOT}/Pods/Target Support Files/Pods-Tinder/Pods-Tinder-resources.sh\"\n";
			showEnvVarsInLog = 0;
		};
		92F890D993965C1321B30FFB /* [CP] Embed Pods Frameworks */ = {
			isa = PBXShellScriptBuildPhase;
			buildActionMask = 2147483647;
			files = (
			);
			inputPaths = (
			);
			name = "[CP] Embed Pods Frameworks";
			outputPaths = (
			);
			runOnlyForDeploymentPostprocessing = 0;
			shellPath = /bin/sh;
			shellScript = "\"${SRCROOT}/Pods/Target Support Files/Pods-Tinder/Pods-Tinder-frameworks.sh\"\n";
			showEnvVarsInLog = 0;
		};
		B5020BFF345E3E5A2323EE24 /* [CP] Check Pods Manifest.lock */ = {
			isa = PBXShellScriptBuildPhase;
			buildActionMask = 2147483647;
			files = (
			);
			inputPaths = (
				"${PODS_PODFILE_DIR_PATH}/Podfile.lock",
				"${PODS_ROOT}/Manifest.lock",
			);
			name = "[CP] Check Pods Manifest.lock";
			outputPaths = (
				"$(DERIVED_FILE_DIR)/Pods-Tinder-checkManifestLockResult.txt",
			);
			runOnlyForDeploymentPostprocessing = 0;
			shellPath = /bin/sh;
			shellScript = "diff \"${PODS_PODFILE_DIR_PATH}/Podfile.lock\" \"${PODS_ROOT}/Manifest.lock\" > /dev/null\nif [ $? != 0 ] ; then\n    # print error to STDERR\n    echo \"error: The sandbox is not in sync with the Podfile.lock. Run 'pod install' or update your CocoaPods installation.\" >&2\n    exit 1\nfi\n# This output is used by Xcode 'outputs' to avoid re-running this script phase.\necho \"SUCCESS\" > \"${SCRIPT_OUTPUT_FILE_0}\"\n";
			showEnvVarsInLog = 0;
		};
/* End PBXShellScriptBuildPhase section */

/* Begin PBXSourcesBuildPhase section */
		E51C10581FE7693900CA522F /* Sources */ = {
			isa = PBXSourcesBuildPhase;
			buildActionMask = 2147483647;
			files = (
				E57EED9F2005F883007D0FC1 /* HomeIndexViewController.m in Sources */,
				E57EEDAD200629FF007D0FC1 /* LeftMenuCell.m in Sources */,
				E511664820073CEC00F26D66 /* NSString+MD5.m in Sources */,
				E511664620073CEC00F26D66 /* CHCardItemView.m in Sources */,
				E57EEDA5200608F0007D0FC1 /* ProfileIndexView.m in Sources */,
				E51C106F1FE7693900CA522F /* main.m in Sources */,
				E57EEDA8200609A7007D0FC1 /* LeftMenuViewDemo.m in Sources */,
				E511664520073CEC00F26D66 /* CHCardItemModel.m in Sources */,
				E511664B20073D4600F26D66 /* CHCardItemCustomView.m in Sources */,
				E51C10611FE7693900CA522F /* AppDelegate.m in Sources */,
				E511664720073CEC00F26D66 /* CHCardView.m in Sources */,
			);
			runOnlyForDeploymentPostprocessing = 0;
		};
		E51C10701FE7693900CA522F /* Sources */ = {
			isa = PBXSourcesBuildPhase;
			buildActionMask = 2147483647;
			files = (
				E51C10791FE7693900CA522F /* TinderTests.m in Sources */,
			);
			runOnlyForDeploymentPostprocessing = 0;
		};
		E51C107B1FE7693900CA522F /* Sources */ = {
			isa = PBXSourcesBuildPhase;
			buildActionMask = 2147483647;
			files = (
				E51C10841FE7693900CA522F /* TinderUITests.m in Sources */,
			);
			runOnlyForDeploymentPostprocessing = 0;
		};
/* End PBXSourcesBuildPhase section */

/* Begin PBXTargetDependency section */
		E51C10761FE7693900CA522F /* PBXTargetDependency */ = {
			isa = PBXTargetDependency;
			target = E51C105B1FE7693900CA522F /* Tinder */;
			targetProxy = E51C10751FE7693900CA522F /* PBXContainerItemProxy */;
		};
		E51C10811FE7693900CA522F /* PBXTargetDependency */ = {
			isa = PBXTargetDependency;
			target = E51C105B1FE7693900CA522F /* Tinder */;
			targetProxy = E51C10801FE7693900CA522F /* PBXContainerItemProxy */;
		};
/* End PBXTargetDependency section */

/* Begin PBXVariantGroup section */
		E51C10651FE7693900CA522F /* Main.storyboard */ = {
			isa = PBXVariantGroup;
			children = (
				E51C10661FE7693900CA522F /* Base */,
			);
			name = Main.storyboard;
			sourceTree = "<group>";
		};
		E51C106A1FE7693900CA522F /* LaunchScreen.storyboard */ = {
			isa = PBXVariantGroup;
			children = (
				E51C106B1FE7693900CA522F /* Base */,
			);
			name = LaunchScreen.storyboard;
			sourceTree = "<group>";
		};
/* End PBXVariantGroup section */

/* Begin XCBuildConfiguration section */
		E51C10861FE7693900CA522F /* Debug */ = {
			isa = XCBuildConfiguration;
			buildSettings = {
				ALWAYS_SEARCH_USER_PATHS = NO;
				CLANG_ANALYZER_NONNULL = YES;
				CLANG_ANALYZER_NUMBER_OBJECT_CONVERSION = YES_AGGRESSIVE;
				CLANG_CXX_LANGUAGE_STANDARD = "gnu++14";
				CLANG_CXX_LIBRARY = "libc++";
				CLANG_ENABLE_MODULES = YES;
				CLANG_ENABLE_OBJC_ARC = YES;
				CLANG_WARN_BLOCK_CAPTURE_AUTORELEASING = YES;
				CLANG_WARN_BOOL_CONVERSION = YES;
				CLANG_WARN_COMMA = YES;
				CLANG_WARN_CONSTANT_CONVERSION = YES;
				CLANG_WARN_DIRECT_OBJC_ISA_USAGE = YES_ERROR;
				CLANG_WARN_DOCUMENTATION_COMMENTS = YES;
				CLANG_WARN_EMPTY_BODY = YES;
				CLANG_WARN_ENUM_CONVERSION = YES;
				CLANG_WARN_INFINITE_RECURSION = YES;
				CLANG_WARN_INT_CONVERSION = YES;
				CLANG_WARN_NON_LITERAL_NULL_CONVERSION = YES;
				CLANG_WARN_OBJC_LITERAL_CONVERSION = YES;
				CLANG_WARN_OBJC_ROOT_CLASS = YES_ERROR;
				CLANG_WARN_RANGE_LOOP_ANALYSIS = YES;
				CLANG_WARN_STRICT_PROTOTYPES = YES;
				CLANG_WARN_SUSPICIOUS_MOVE = YES;
				CLANG_WARN_UNGUARDED_AVAILABILITY = YES_AGGRESSIVE;
				CLANG_WARN_UNREACHABLE_CODE = YES;
				CLANG_WARN__DUPLICATE_METHOD_MATCH = YES;
				CODE_SIGN_IDENTITY = "iPhone Developer";
				COPY_PHASE_STRIP = NO;
				DEBUG_INFORMATION_FORMAT = dwarf;
				ENABLE_STRICT_OBJC_MSGSEND = YES;
				ENABLE_TESTABILITY = YES;
				GCC_C_LANGUAGE_STANDARD = gnu11;
				GCC_DYNAMIC_NO_PIC = NO;
				GCC_NO_COMMON_BLOCKS = YES;
				GCC_OPTIMIZATION_LEVEL = 0;
				GCC_PREPROCESSOR_DEFINITIONS = (
					"DEBUG=1",
					"$(inherited)",
				);
				GCC_WARN_64_TO_32_BIT_CONVERSION = YES;
				GCC_WARN_ABOUT_RETURN_TYPE = YES_ERROR;
				GCC_WARN_UNDECLARED_SELECTOR = YES;
				GCC_WARN_UNINITIALIZED_AUTOS = YES_AGGRESSIVE;
				GCC_WARN_UNUSED_FUNCTION = YES;
				GCC_WARN_UNUSED_VARIABLE = YES;
				IPHONEOS_DEPLOYMENT_TARGET = 11.2;
				MTL_ENABLE_DEBUG_INFO = YES;
				ONLY_ACTIVE_ARCH = YES;
				SDKROOT = iphoneos;
			};
			name = Debug;
		};
		E51C10871FE7693900CA522F /* Release */ = {
			isa = XCBuildConfiguration;
			buildSettings = {
				ALWAYS_SEARCH_USER_PATHS = NO;
				CLANG_ANALYZER_NONNULL = YES;
				CLANG_ANALYZER_NUMBER_OBJECT_CONVERSION = YES_AGGRESSIVE;
				CLANG_CXX_LANGUAGE_STANDARD = "gnu++14";
				CLANG_CXX_LIBRARY = "libc++";
				CLANG_ENABLE_MODULES = YES;
				CLANG_ENABLE_OBJC_ARC = YES;
				CLANG_WARN_BLOCK_CAPTURE_AUTORELEASING = YES;
				CLANG_WARN_BOOL_CONVERSION = YES;
				CLANG_WARN_COMMA = YES;
				CLANG_WARN_CONSTANT_CONVERSION = YES;
				CLANG_WARN_DIRECT_OBJC_ISA_USAGE = YES_ERROR;
				CLANG_WARN_DOCUMENTATION_COMMENTS = YES;
				CLANG_WARN_EMPTY_BODY = YES;
				CLANG_WARN_ENUM_CONVERSION = YES;
				CLANG_WARN_INFINITE_RECURSION = YES;
				CLANG_WARN_INT_CONVERSION = YES;
				CLANG_WARN_NON_LITERAL_NULL_CONVERSION = YES;
				CLANG_WARN_OBJC_LITERAL_CONVERSION = YES;
				CLANG_WARN_OBJC_ROOT_CLASS = YES_ERROR;
				CLANG_WARN_RANGE_LOOP_ANALYSIS = YES;
				CLANG_WARN_STRICT_PROTOTYPES = YES;
				CLANG_WARN_SUSPICIOUS_MOVE = YES;
				CLANG_WARN_UNGUARDED_AVAILABILITY = YES_AGGRESSIVE;
				CLANG_WARN_UNREACHABLE_CODE = YES;
				CLANG_WARN__DUPLICATE_METHOD_MATCH = YES;
				CODE_SIGN_IDENTITY = "iPhone Developer";
				COPY_PHASE_STRIP = NO;
				DEBUG_INFORMATION_FORMAT = "dwarf-with-dsym";
				ENABLE_NS_ASSERTIONS = NO;
				ENABLE_STRICT_OBJC_MSGSEND = YES;
				GCC_C_LANGUAGE_STANDARD = gnu11;
				GCC_NO_COMMON_BLOCKS = YES;
				GCC_WARN_64_TO_32_BIT_CONVERSION = YES;
				GCC_WARN_ABOUT_RETURN_TYPE = YES_ERROR;
				GCC_WARN_UNDECLARED_SELECTOR = YES;
				GCC_WARN_UNINITIALIZED_AUTOS = YES_AGGRESSIVE;
				GCC_WARN_UNUSED_FUNCTION = YES;
				GCC_WARN_UNUSED_VARIABLE = YES;
				IPHONEOS_DEPLOYMENT_TARGET = 11.2;
				MTL_ENABLE_DEBUG_INFO = NO;
				SDKROOT = iphoneos;
				VALIDATE_PRODUCT = YES;
			};
			name = Release;
		};
		E51C10891FE7693900CA522F /* Debug */ = {
			isa = XCBuildConfiguration;
			baseConfigurationReference = 284F7976918739A7D8FF91D2 /* Pods-Tinder.debug.xcconfig */;
			buildSettings = {
				ASSETCATALOG_COMPILER_APPICON_NAME = AppIcon;
				CODE_SIGN_STYLE = Automatic;
				DEVELOPMENT_TEAM = 9LKXW763RU;
				GCC_PREFIX_HEADER = Tinder/PrefixHeader.pch;
				INFOPLIST_FILE = Tinder/Info.plist;
				LD_RUNPATH_SEARCH_PATHS = "$(inherited) @executable_path/Frameworks";
				PRODUCT_BUNDLE_IDENTIFIER = wallen.com.Tinder;
				PRODUCT_NAME = "$(TARGET_NAME)";
				TARGETED_DEVICE_FAMILY = "1,2";
			};
			name = Debug;
		};
		E51C108A1FE7693900CA522F /* Release */ = {
			isa = XCBuildConfiguration;
			baseConfigurationReference = 81F4B7451F76878C01AD6C7B /* Pods-Tinder.release.xcconfig */;
			buildSettings = {
				ASSETCATALOG_COMPILER_APPICON_NAME = AppIcon;
				CODE_SIGN_STYLE = Automatic;
				DEVELOPMENT_TEAM = 9LKXW763RU;
				GCC_PREFIX_HEADER = Tinder/PrefixHeader.pch;
				INFOPLIST_FILE = Tinder/Info.plist;
				LD_RUNPATH_SEARCH_PATHS = "$(inherited) @executable_path/Frameworks";
				PRODUCT_BUNDLE_IDENTIFIER = wallen.com.Tinder;
				PRODUCT_NAME = "$(TARGET_NAME)";
				TARGETED_DEVICE_FAMILY = "1,2";
			};
			name = Release;
		};
		E51C108C1FE7693900CA522F /* Debug */ = {
			isa = XCBuildConfiguration;
			buildSettings = {
				BUNDLE_LOADER = "$(TEST_HOST)";
				CODE_SIGN_STYLE = Automatic;
				DEVELOPMENT_TEAM = 9LKXW763RU;
				INFOPLIST_FILE = TinderTests/Info.plist;
				LD_RUNPATH_SEARCH_PATHS = "$(inherited) @executable_path/Frameworks @loader_path/Frameworks";
				PRODUCT_BUNDLE_IDENTIFIER = wallen.com.TinderTests;
				PRODUCT_NAME = "$(TARGET_NAME)";
				TARGETED_DEVICE_FAMILY = "1,2";
				TEST_HOST = "$(BUILT_PRODUCTS_DIR)/Tinder.app/Tinder";
			};
			name = Debug;
		};
		E51C108D1FE7693900CA522F /* Release */ = {
			isa = XCBuildConfiguration;
			buildSettings = {
				BUNDLE_LOADER = "$(TEST_HOST)";
				CODE_SIGN_STYLE = Automatic;
				DEVELOPMENT_TEAM = 9LKXW763RU;
				INFOPLIST_FILE = TinderTests/Info.plist;
				LD_RUNPATH_SEARCH_PATHS = "$(inherited) @executable_path/Frameworks @loader_path/Frameworks";
				PRODUCT_BUNDLE_IDENTIFIER = wallen.com.TinderTests;
				PRODUCT_NAME = "$(TARGET_NAME)";
				TARGETED_DEVICE_FAMILY = "1,2";
				TEST_HOST = "$(BUILT_PRODUCTS_DIR)/Tinder.app/Tinder";
			};
			name = Release;
		};
		E51C108F1FE7693900CA522F /* Debug */ = {
			isa = XCBuildConfiguration;
			buildSettings = {
				CODE_SIGN_STYLE = Automatic;
				DEVELOPMENT_TEAM = 9LKXW763RU;
				INFOPLIST_FILE = TinderUITests/Info.plist;
				LD_RUNPATH_SEARCH_PATHS = "$(inherited) @executable_path/Frameworks @loader_path/Frameworks";
				PRODUCT_BUNDLE_IDENTIFIER = wallen.com.TinderUITests;
				PRODUCT_NAME = "$(TARGET_NAME)";
				TARGETED_DEVICE_FAMILY = "1,2";
				TEST_TARGET_NAME = Tinder;
			};
			name = Debug;
		};
		E51C10901FE7693900CA522F /* Release */ = {
			isa = XCBuildConfiguration;
			buildSettings = {
				CODE_SIGN_STYLE = Automatic;
				DEVELOPMENT_TEAM = 9LKXW763RU;
				INFOPLIST_FILE = TinderUITests/Info.plist;
				LD_RUNPATH_SEARCH_PATHS = "$(inherited) @executable_path/Frameworks @loader_path/Frameworks";
				PRODUCT_BUNDLE_IDENTIFIER = wallen.com.TinderUITests;
				PRODUCT_NAME = "$(TARGET_NAME)";
				TARGETED_DEVICE_FAMILY = "1,2";
				TEST_TARGET_NAME = Tinder;
			};
			name = Release;
		};
/* End XCBuildConfiguration section */

/* Begin XCConfigurationList section */
		E51C10571FE7693900CA522F /* Build configuration list for PBXProject "Tinder" */ = {
			isa = XCConfigurationList;
			buildConfigurations = (
				E51C10861FE7693900CA522F /* Debug */,
				E51C10871FE7693900CA522F /* Release */,
			);
			defaultConfigurationIsVisible = 0;
			defaultConfigurationName = Release;
		};
		E51C10881FE7693900CA522F /* Build configuration list for PBXNativeTarget "Tinder" */ = {
			isa = XCConfigurationList;
			buildConfigurations = (
				E51C10891FE7693900CA522F /* Debug */,
				E51C108A1FE7693900CA522F /* Release */,
			);
			defaultConfigurationIsVisible = 0;
			defaultConfigurationName = Release;
		};
		E51C108B1FE7693900CA522F /* Build configuration list for PBXNativeTarget "TinderTests" */ = {
			isa = XCConfigurationList;
			buildConfigurations = (
				E51C108C1FE7693900CA522F /* Debug */,
				E51C108D1FE7693900CA522F /* Release */,
			);
			defaultConfigurationIsVisible = 0;
			defaultConfigurationName = Release;
		};
		E51C108E1FE7693900CA522F /* Build configuration list for PBXNativeTarget "TinderUITests" */ = {
			isa = XCConfigurationList;
			buildConfigurations = (
				E51C108F1FE7693900CA522F /* Debug */,
				E51C10901FE7693900CA522F /* Release */,
			);
			defaultConfigurationIsVisible = 0;
			defaultConfigurationName = Release;
		};
/* End XCConfigurationList section */
	};
	rootObject = E51C10541FE7693900CA522F /* Project object */;
}
